
Microsoft Visual Studio Solution File, Format Version 12.00
# Visual Studio 15
VisualStudioVersion = 15.0.27703.2042
MinimumVisualStudioVersion = 10.0.40219.1
Project("{FAE04EC0-301F-11D3-BF4B-00C04F79EFBC}") = "Checkpoint1v1", "SpaCheckpoint\SpaCheckpoint.csproj", "{CF34BA69-78CF-43ED-AA40-2DF1A28FA674}"
EndProject
Global
	GlobalSection(SolutionConfigurationPlatforms) = preSolution
		Debug|Any CPU = Debug|Any CPU
		Release|Any CPU = Release|Any CPU
	EndGlobalSection
	GlobalSection(ProjectConfigurationPlatforms) = postSolution
		{CF34BA69-78CF-43ED-AA40-2DF1A28FA674}.Debug|Any CPU.ActiveCfg = Debug|Any CPU
		{CF34BA69-78CF-43ED-AA40-2DF1A28FA674}.Debug|Any CPU.Build.0 = Debug|Any CPU
		{CF34BA69-78CF-43ED-AA40-2DF1A28FA674}.Release|Any CPU.ActiveCfg = Release|Any CPU
		{CF34BA69-78CF-43ED-AA40-2DF1A28FA674}.Release|Any CPU.Build.0 = Release|Any CPU
	EndGlobalSection
	GlobalSection(SolutionProperties) = preSolution
		HideSolutionNode = FALSE
	EndGlobalSection
	GlobalSection(ExtensibilityGlobals) = postSolution
		SolutionGuid = {9863B227-748E-4D43-B4D7-808944E9D0AF}
	EndGlobalSection
EndGlobal
